
Microsoft Visual Studio Solution File, Format Version 12.00
# Visual Studio Version 17
VisualStudioVersion = 17.4.33213.308
MinimumVisualStudioVersion = 10.0.40219.1
Project("{9A19103F-16F7-4668-BE54-9A1E7A4F7556}") = "PresentationLayer", "Traversal\PresentationLayer.csproj", "{1DD88AE9-56EA-46A0-9C88-6AB211728C63}"
EndProject
Project("{9A19103F-16F7-4668-BE54-9A1E7A4F7556}") = "EntityLayer", "EntityLayer\EntityLayer.csproj", "{C5D1FAB2-F74E-470A-9719-9791E94F5901}"
EndProject
Project("{9A19103F-16F7-4668-BE54-9A1E7A4F7556}") = "BusinessLayer", "BusinessLayer\BusinessLayer.csproj", "{3AAFC71F-58A8-47C1-80C6-75513927F639}"
EndProject
Project("{9A19103F-16F7-4668-BE54-9A1E7A4F7556}") = "DataAccessLayer", "DataAccessLayer\DataAccessLayer.csproj", "{C0A0DC29-1362-419B-AAEE-611CB5A1B70E}"
EndProject
Project("{9A19103F-16F7-4668-BE54-9A1E7A4F7556}") = "DTOLayer", "DTOLayer\DTOLayer.csproj", "{3BB689F9-C09A-45BD-8914-923E2E369AB6}"
EndProject
Project("{9A19103F-16F7-4668-BE54-9A1E7A4F7556}") = "SignalRConsume", "SignalRConsume\SignalRConsume.csproj", "{236B98C9-6508-4545-A648-B3FE6302A298}"
EndProject
Project("{9A19103F-16F7-4668-BE54-9A1E7A4F7556}") = "SignalRApiForSql", "SignalRApiForSql\SignalRApiForSql.csproj", "{250146A4-0AF6-48A5-9807-10381F383BF5}"
EndProject
Global
	GlobalSection(SolutionConfigurationPlatforms) = preSolution
		Debug|Any CPU = Debug|Any CPU
		Release|Any CPU = Release|Any CPU
	EndGlobalSection
	GlobalSection(ProjectConfigurationPlatforms) = postSolution
		{1DD88AE9-56EA-46A0-9C88-6AB211728C63}.Debug|Any CPU.ActiveCfg = Debug|Any CPU
		{1DD88AE9-56EA-46A0-9C88-6AB211728C63}.Debug|Any CPU.Build.0 = Debug|Any CPU
		{1DD88AE9-56EA-46A0-9C88-6AB211728C63}.Release|Any CPU.ActiveCfg = Release|Any CPU
		{1DD88AE9-56EA-46A0-9C88-6AB211728C63}.Release|Any CPU.Build.0 = Release|Any CPU
		{C5D1FAB2-F74E-470A-9719-9791E94F5901}.Debug|Any CPU.ActiveCfg = Debug|Any CPU
		{C5D1FAB2-F74E-470A-9719-9791E94F5901}.Debug|Any CPU.Build.0 = Debug|Any CPU
		{C5D1FAB2-F74E-470A-9719-9791E94F5901}.Release|Any CPU.ActiveCfg = Release|Any CPU
		{C5D1FAB2-F74E-470A-9719-9791E94F5901}.Release|Any CPU.Build.0 = Release|Any CPU
		{3AAFC71F-58A8-47C1-80C6-75513927F639}.Debug|Any CPU.ActiveCfg = Debug|Any CPU
		{3AAFC71F-58A8-47C1-80C6-75513927F639}.Debug|Any CPU.Build.0 = Debug|Any CPU
		{3AAFC71F-58A8-47C1-80C6-75513927F639}.Release|Any CPU.ActiveCfg = Release|Any CPU
		{3AAFC71F-58A8-47C1-80C6-75513927F639}.Release|Any CPU.Build.0 = Release|Any CPU
		{C0A0DC29-1362-419B-AAEE-611CB5A1B70E}.Debug|Any CPU.ActiveCfg = Debug|Any CPU
		{C0A0DC29-1362-419B-AAEE-611CB5A1B70E}.Debug|Any CPU.Build.0 = Debug|Any CPU
		{C0A0DC29-1362-419B-AAEE-611CB5A1B70E}.Release|Any CPU.ActiveCfg = Release|Any CPU
		{C0A0DC29-1362-419B-AAEE-611CB5A1B70E}.Release|Any CPU.Build.0 = Release|Any CPU
		{3BB689F9-C09A-45BD-8914-923E2E369AB6}.Debug|Any CPU.ActiveCfg = Debug|Any CPU
		{3BB689F9-C09A-45BD-8914-923E2E369AB6}.Debug|Any CPU.Build.0 = Debug|Any CPU
		{3BB689F9-C09A-45BD-8914-923E2E369AB6}.Release|Any CPU.ActiveCfg = Release|Any CPU
		{3BB689F9-C09A-45BD-8914-923E2E369AB6}.Release|Any CPU.Build.0 = Release|Any CPU
		{236B98C9-6508-4545-A648-B3FE6302A298}.Debug|Any CPU.ActiveCfg = Debug|Any CPU
		{236B98C9-6508-4545-A648-B3FE6302A298}.Debug|Any CPU.Build.0 = Debug|Any CPU
		{236B98C9-6508-4545-A648-B3FE6302A298}.Release|Any CPU.ActiveCfg = Release|Any CPU
		{236B98C9-6508-4545-A648-B3FE6302A298}.Release|Any CPU.Build.0 = Release|Any CPU
		{250146A4-0AF6-48A5-9807-10381F383BF5}.Debug|Any CPU.ActiveCfg = Debug|Any CPU
		{250146A4-0AF6-48A5-9807-10381F383BF5}.Debug|Any CPU.Build.0 = Debug|Any CPU
		{250146A4-0AF6-48A5-9807-10381F383BF5}.Release|Any CPU.ActiveCfg = Release|Any CPU
		{250146A4-0AF6-48A5-9807-10381F383BF5}.Release|Any CPU.Build.0 = Release|Any CPU
	EndGlobalSection
	GlobalSection(SolutionProperties) = preSolution
		HideSolutionNode = FALSE
	EndGlobalSection
	GlobalSection(ExtensibilityGlobals) = postSolution
		SolutionGuid = {8F6860FF-F96A-4B65-B38C-28451F3C077D}
	EndGlobalSection
EndGlobal
